// !$*UTF8*$!
{
	archiveVersion = 1;
	classes = {
	};
	objectVersion = 48;
	objects = {

/* Begin PBXBuildFile section */
		4B1EBB0C20373CE200B69146 /* AppDelegate.swift in Sources */ = {isa = PBXBuildFile; fileRef = 4B1EBB0B20373CE200B69146 /* AppDelegate.swift */; };
		4B1EBB0E20373CE200B69146 /* ViewController.swift in Sources */ = {isa = PBXBuildFile; fileRef = 4B1EBB0D20373CE200B69146 /* ViewController.swift */; };
		4B1EBB1120373CE200B69146 /* Main.storyboard in Resources */ = {isa = PBXBuildFile; fileRef = 4B1EBB0F20373CE200B69146 /* Main.storyboard */; };
		4B1EBB1420373CE200B69146 /* CoreDataWithSwift.xcdatamodeld in Sources */ = {isa = PBXBuildFile; fileRef = 4B1EBB1220373CE200B69146 /* CoreDataWithSwift.xcdatamodeld */; };
		4B1EBB1620373CE200B69146 /* Assets.xcassets in Resources */ = {isa = PBXBuildFile; fileRef = 4B1EBB1520373CE200B69146 /* Assets.xcassets */; };
		4B1EBB1920373CE200B69146 /* LaunchScreen.storyboard in Resources */ = {isa = PBXBuildFile; fileRef = 4B1EBB1720373CE200B69146 /* LaunchScreen.storyboard */; };
		4B1EBB2420373CE200B69146 /* CoreDataWithSwiftTests.swift in Sources */ = {isa = PBXBuildFile; fileRef = 4B1EBB2320373CE200B69146 /* CoreDataWithSwiftTests.swift */; };
		4B1EBB2F20373CE200B69146 /* CoreDataWithSwiftUITests.swift in Sources */ = {isa = PBXBuildFile; fileRef = 4B1EBB2E20373CE200B69146 /* CoreDataWithSwiftUITests.swift */; };
/* End PBXBuildFile section */

/* Begin PBXContainerItemProxy section */
		4B1EBB2020373CE200B69146 /* PBXContainerItemProxy */ = {
			isa = PBXContainerItemProxy;
			containerPortal = 4B1EBB0020373CE200B69146 /* Project object */;
			proxyType = 1;
			remoteGlobalIDString = 4B1EBB0720373CE200B69146;
			remoteInfo = CoreDataWithSwift;
		};
		4B1EBB2B20373CE200B69146 /* PBXContainerItemProxy */ = {
			isa = PBXContainerItemProxy;
			containerPortal = 4B1EBB0020373CE200B69146 /* Project object */;
			proxyType = 1;
			remoteGlobalIDString = 4B1EBB0720373CE200B69146;
			remoteInfo = CoreDataWithSwift;
		};
/* End PBXContainerItemProxy section */

/* Begin PBXFileReference section */
		4B1EBB0820373CE200B69146 /* CoreDataWithSwift.app */ = {isa = PBXFileReference; explicitFileType = wrapper.application; includeInIndex = 0; path = CoreDataWithSwift.app; sourceTree = BUILT_PRODUCTS_DIR; };
		4B1EBB0B20373CE200B69146 /* AppDelegate.swift */ = {isa = PBXFileReference; lastKnownFileType = sourcecode.swift; path = AppDelegate.swift; sourceTree = "<group>"; };
		4B1EBB0D20373CE200B69146 /* ViewController.swift */ = {isa = PBXFileReference; lastKnownFileType = sourcecode.swift; path = ViewController.swift; sourceTree = "<group>"; };
		4B1EBB1020373CE200B69146 /* Base */ = {isa = PBXFileReference; lastKnownFileType = file.storyboard; name = Base; path = Base.lproj/Main.storyboard; sourceTree = "<group>"; };
		4B1EBB1320373CE200B69146 /* CoreDataWithSwift.xcdatamodel */ = {isa = PBXFileReference; lastKnownFileType = wrapper.xcdatamodel; path = CoreDataWithSwift.xcdatamodel; sourceTree = "<group>"; };
		4B1EBB1520373CE200B69146 /* Assets.xcassets */ = {isa = PBXFileReference; lastKnownFileType = folder.assetcatalog; path = Assets.xcassets; sourceTree = "<group>"; };
		4B1EBB1820373CE200B69146 /* Base */ = {isa = PBXFileReference; lastKnownFileType = file.storyboard; name = Base; path = Base.lproj/LaunchScreen.storyboard; sourceTree = "<group>"; };
		4B1EBB1A20373CE200B69146 /* Info.plist */ = {isa = PBXFileReference; lastKnownFileType = text.plist.xml; path = Info.plist; sourceTree = "<group>"; };
		4B1EBB1F20373CE200B69146 /* CoreDataWithSwiftTests.xctest */ = {isa = PBXFileReference; explicitFileType = wrapper.cfbundle; includeInIndex = 0; path = CoreDataWithSwiftTests.xctest; sourceTree = BUILT_PRODUCTS_DIR; };
		4B1EBB2320373CE200B69146 /* CoreDataWithSwiftTests.swift */ = {isa = PBXFileReference; lastKnownFileType = sourcecode.swift; path = CoreDataWithSwiftTests.swift; sourceTree = "<group>"; };
		4B1EBB2520373CE200B69146 /* Info.plist */ = {isa = PBXFileReference; lastKnownFileType = text.plist.xml; path = Info.plist; sourceTree = "<group>"; };
		4B1EBB2A20373CE200B69146 /* CoreDataWithSwiftUITests.xctest */ = {isa = PBXFileReference; explicitFileType = wrapper.cfbundle; includeInIndex = 0; path = CoreDataWithSwiftUITests.xctest; sourceTree = BUILT_PRODUCTS_DIR; };
		4B1EBB2E20373CE200B69146 /* CoreDataWithSwiftUITests.swift */ = {isa = PBXFileReference; lastKnownFileType = sourcecode.swift; path = CoreDataWithSwiftUITests.swift; sourceTree = "<group>"; };
		4B1EBB3020373CE200B69146 /* Info.plist */ = {isa = PBXFileReference; lastKnownFileType = text.plist.xml; path = Info.plist; sourceTree = "<group>"; };
/* End PBXFileReference section */

/* Begin PBXFrameworksBuildPhase section */
		4B1EBB0520373CE200B69146 /* Frameworks */ = {
			isa = PBXFrameworksBuildPhase;
			buildActionMask = 2147483647;
			files = (
			);
			runOnlyForDeploymentPostprocessing = 0;
		};
		4B1EBB1C20373CE200B69146 /* Frameworks */ = {
			isa = PBXFrameworksBuildPhase;
			buildActionMask = 2147483647;
			files = (
			);
			runOnlyForDeploymentPostprocessing = 0;
		};
		4B1EBB2720373CE200B69146 /* Frameworks */ = {
			isa = PBXFrameworksBuildPhase;
			buildActionMask = 2147483647;
			files = (
			);
			runOnlyForDeploymentPostprocessing = 0;
		};
/* End PBXFrameworksBuildPhase section */

/* Begin PBXGroup section */
		4B1EBAFF20373CE200B69146 = {
			isa = PBXGroup;
			children = (
				4B1EBB0A20373CE200B69146 /* CoreDataWithSwift */,
				4B1EBB2220373CE200B69146 /* CoreDataWithSwiftTests */,
				4B1EBB2D20373CE200B69146 /* CoreDataWithSwiftUITests */,
				4B1EBB0920373CE200B69146 /* Products */,
			);
			sourceTree = "<group>";
		};
		4B1EBB0920373CE200B69146 /* Products */ = {
			isa = PBXGroup;
			children = (
				4B1EBB0820373CE200B69146 /* CoreDataWithSwift.app */,
				4B1EBB1F20373CE200B69146 /* CoreDataWithSwiftTests.xctest */,
				4B1EBB2A20373CE200B69146 /* CoreDataWithSwiftUITests.xctest */,
			);
			name = Products;
			sourceTree = "<group>";
		};
		4B1EBB0A20373CE200B69146 /* CoreDataWithSwift */ = {
			isa = PBXGroup;
			children = (
				4B1EBB0B20373CE200B69146 /* AppDelegate.swift */,
				4B1EBB0D20373CE200B69146 /* ViewController.swift */,
				4B1EBB0F20373CE200B69146 /* Main.storyboard */,
				4B1EBB1520373CE200B69146 /* Assets.xcassets */,
				4B1EBB1720373CE200B69146 /* LaunchScreen.storyboard */,
				4B1EBB1A20373CE200B69146 /* Info.plist */,
				4B1EBB1220373CE200B69146 /* CoreDataWithSwift.xcdatamodeld */,
			);
			path = CoreDataWithSwift;
			sourceTree = "<group>";
		};
		4B1EBB2220373CE200B69146 /* CoreDataWithSwiftTests */ = {
			isa = PBXGroup;
			children = (
				4B1EBB2320373CE200B69146 /* CoreDataWithSwiftTests.swift */,
				4B1EBB2520373CE200B69146 /* Info.plist */,
			);
			path = CoreDataWithSwiftTests;
			sourceTree = "<group>";
		};
		4B1EBB2D20373CE200B69146 /* CoreDataWithSwiftUITests */ = {
			isa = PBXGroup;
			children = (
				4B1EBB2E20373CE200B69146 /* CoreDataWithSwiftUITests.swift */,
				4B1EBB3020373CE200B69146 /* Info.plist */,
			);
			path = CoreDataWithSwiftUITests;
			sourceTree = "<group>";
		};
/* End PBXGroup section */

/* Begin PBXNativeTarget section */
		4B1EBB0720373CE200B69146 /* CoreDataWithSwift */ = {
			isa = PBXNativeTarget;
			buildConfigurationList = 4B1EBB3320373CE200B69146 /* Build configuration list for PBXNativeTarget "CoreDataWithSwift" */;
			buildPhases = (
				4B1EBB0420373CE200B69146 /* Sources */,
				4B1EBB0520373CE200B69146 /* Frameworks */,
				4B1EBB0620373CE200B69146 /* Resources */,
			);
			buildRules = (
			);
			dependencies = (
			);
			name = CoreDataWithSwift;
			productName = CoreDataWithSwift;
			productReference = 4B1EBB0820373CE200B69146 /* CoreDataWithSwift.app */;
			productType = "com.apple.product-type.application";
		};
		4B1EBB1E20373CE200B69146 /* CoreDataWithSwiftTests */ = {
			isa = PBXNativeTarget;
			buildConfigurationList = 4B1EBB3620373CE200B69146 /* Build configuration list for PBXNativeTarget "CoreDataWithSwiftTests" */;
			buildPhases = (
				4B1EBB1B20373CE200B69146 /* Sources */,
				4B1EBB1C20373CE200B69146 /* Frameworks */,
				4B1EBB1D20373CE200B69146 /* Resources */,
			);
			buildRules = (
			);
			dependencies = (
				4B1EBB2120373CE200B69146 /* PBXTargetDependency */,
			);
			name = CoreDataWithSwiftTests;
			productName = CoreDataWithSwiftTests;
			productReference = 4B1EBB1F20373CE200B69146 /* CoreDataWithSwiftTests.xctest */;
			productType = "com.apple.product-type.bundle.unit-test";
		};
		4B1EBB2920373CE200B69146 /* CoreDataWithSwiftUITests */ = {
			isa = PBXNativeTarget;
			buildConfigurationList = 4B1EBB3920373CE200B69146 /* Build configuration list for PBXNativeTarget "CoreDataWithSwiftUITests" */;
			buildPhases = (
				4B1EBB2620373CE200B69146 /* Sources */,
				4B1EBB2720373CE200B69146 /* Frameworks */,
				4B1EBB2820373CE200B69146 /* Resources */,
			);
			buildRules = (
			);
			dependencies = (
				4B1EBB2C20373CE200B69146 /* PBXTargetDependency */,
			);
			name = CoreDataWithSwiftUITests;
			productName = CoreDataWithSwiftUITests;
			productReference = 4B1EBB2A20373CE200B69146 /* CoreDataWithSwiftUITests.xctest */;
			productType = "com.apple.product-type.bundle.ui-testing";
		};
/* End PBXNativeTarget section */

/* Begin PBXProject section */
		4B1EBB0020373CE200B69146 /* Project object */ = {
			isa = PBXProject;
			attributes = {
				LastSwiftUpdateCheck = 0910;
				LastUpgradeCheck = 0910;
				ORGANIZATIONNAME = ZainAnjum;
				TargetAttributes = {
					4B1EBB0720373CE200B69146 = {
						CreatedOnToolsVersion = 9.1;
						ProvisioningStyle = Automatic;
					};
					4B1EBB1E20373CE200B69146 = {
						CreatedOnToolsVersion = 9.1;
						ProvisioningStyle = Automatic;
						TestTargetID = 4B1EBB0720373CE200B69146;
					};
					4B1EBB2920373CE200B69146 = {
						CreatedOnToolsVersion = 9.1;
						ProvisioningStyle = Automatic;
						TestTargetID = 4B1EBB0720373CE200B69146;
					};
				};
			};
			buildConfigurationList = 4B1EBB0320373CE200B69146 /* Build configuration list for PBXProject "CoreDataWithSwift" */;
			compatibilityVersion = "Xcode 8.0";
			developmentRegion = en;
			hasScannedForEncodings = 0;
			knownRegions = (
				en,
				Base,
			);
			mainGroup = 4B1EBAFF20373CE200B69146;
			productRefGroup = 4B1EBB0920373CE200B69146 /* Products */;
			projectDirPath = "";
			projectRoot = "";
			targets = (
				4B1EBB0720373CE200B69146 /* CoreDataWithSwift */,
				4B1EBB1E20373CE200B69146 /* CoreDataWithSwiftTests */,
				4B1EBB2920373CE200B69146 /* CoreDataWithSwiftUITests */,
			);
		};
/* End PBXProject section */

/* Begin PBXResourcesBuildPhase section */
		4B1EBB0620373CE200B69146 /* Resources */ = {
			isa = PBXResourcesBuildPhase;
			buildActionMask = 2147483647;
			files = (
				4B1EBB1920373CE200B69146 /* LaunchScreen.storyboard in Resources */,
				4B1EBB1620373CE200B69146 /* Assets.xcassets in Resources */,
				4B1EBB1120373CE200B69146 /* Main.storyboard in Resources */,
			);
			runOnlyForDeploymentPostprocessing = 0;
		};
		4B1EBB1D20373CE200B69146 /* Resources */ = {
			isa = PBXResourcesBuildPhase;
			buildActionMask = 2147483647;
			files = (
			);
			runOnlyForDeploymentPostprocessing = 0;
		};
		4B1EBB2820373CE200B69146 /* Resources */ = {
			isa = PBXResourcesBuildPhase;
			buildActionMask = 2147483647;
			files = (
			);
			runOnlyForDeploymentPostprocessing = 0;
		};
/* End PBXResourcesBuildPhase section */

/* Begin PBXSourcesBuildPhase section */
		4B1EBB0420373CE200B69146 /* Sources */ = {
			isa = PBXSourcesBuildPhase;
			buildActionMask = 2147483647;
			files = (
				4B1EBB0E20373CE200B69146 /* ViewController.swift in Sources */,
				4B1EBB0C20373CE200B69146 /* AppDelegate.swift in Sources */,
				4B1EBB1420373CE200B69146 /* CoreDataWithSwift.xcdatamodeld in Sources */,
			);
			runOnlyForDeploymentPostprocessing = 0;
		};
		4B1EBB1B20373CE200B69146 /* Sources */ = {
			isa = PBXSourcesBuildPhase;
			buildActionMask = 2147483647;
			files = (
				4B1EBB2420373CE200B69146 /* CoreDataWithSwiftTests.swift in Sources */,
			);
			runOnlyForDeploymentPostprocessing = 0;
		};
		4B1EBB2620373CE200B69146 /* Sources */ = {
			isa = PBXSourcesBuildPhase;
			buildActionMask = 2147483647;
			files = (
				4B1EBB2F20373CE200B69146 /* CoreDataWithSwiftUITests.swift in Sources */,
			);
			runOnlyForDeploymentPostprocessing = 0;
		};
/* End PBXSourcesBuildPhase section */

/* Begin PBXTargetDependency section */
		4B1EBB2120373CE200B69146 /* PBXTargetDependency */ = {
			isa = PBXTargetDependency;
			target = 4B1EBB0720373CE200B69146 /* CoreDataWithSwift */;
			targetProxy = 4B1EBB2020373CE200B69146 /* PBXContainerItemProxy */;
		};
		4B1EBB2C20373CE200B69146 /* PBXTargetDependency */ = {
			isa = PBXTargetDependency;
			target = 4B1EBB0720373CE200B69146 /* CoreDataWithSwift */;
			targetProxy = 4B1EBB2B20373CE200B69146 /* PBXContainerItemProxy */;
		};
/* End PBXTargetDependency section */

/* Begin PBXVariantGroup section */
		4B1EBB0F20373CE200B69146 /* Main.storyboard */ = {
			isa = PBXVariantGroup;
			children = (
				4B1EBB1020373CE200B69146 /* Base */,
			);
			name = Main.storyboard;
			sourceTree = "<group>";
		};
		4B1EBB1720373CE200B69146 /* LaunchScreen.storyboard */ = {
			isa = PBXVariantGroup;
			children = (
				4B1EBB1820373CE200B69146 /* Base */,
			);
			name = LaunchScreen.storyboard;
			sourceTree = "<group>";
		};
/* End PBXVariantGroup section */

/* Begin XCBuildConfiguration section */
		4B1EBB3120373CE200B69146 /* Debug */ = {
			isa = XCBuildConfiguration;
			buildSettings = {
				ALWAYS_SEARCH_USER_PATHS = NO;
				CLANG_ANALYZER_NONNULL = YES;
				CLANG_ANALYZER_NUMBER_OBJECT_CONVERSION = YES_AGGRESSIVE;
				CLANG_CXX_LANGUAGE_STANDARD = "gnu++14";
				CLANG_CXX_LIBRARY = "libc++";
				CLANG_ENABLE_MODULES = YES;
				CLANG_ENABLE_OBJC_ARC = YES;
				CLANG_WARN_BLOCK_CAPTURE_AUTORELEASING = YES;
				CLANG_WARN_BOOL_CONVERSION = YES;
				CLANG_WARN_COMMA = YES;
				CLANG_WARN_CONSTANT_CONVERSION = YES;
				CLANG_WARN_DIRECT_OBJC_ISA_USAGE = YES_ERROR;
				CLANG_WARN_DOCUMENTATION_COMMENTS = YES;
				CLANG_WARN_EMPTY_BODY = YES;
				CLANG_WARN_ENUM_CONVERSION = YES;
				CLANG_WARN_INFINITE_RECURSION = YES;
				CLANG_WARN_INT_CONVERSION = YES;
				CLANG_WARN_NON_LITERAL_NULL_CONVERSION = YES;
				CLANG_WARN_OBJC_LITERAL_CONVERSION = YES;
				CLANG_WARN_OBJC_ROOT_CLASS = YES_ERROR;
				CLANG_WARN_RANGE_LOOP_ANALYSIS = YES;
				CLANG_WARN_STRICT_PROTOTYPES = YES;
				CLANG_WARN_SUSPICIOUS_MOVE = YES;
				CLANG_WARN_UNGUARDED_AVAILABILITY = YES_AGGRESSIVE;
				CLANG_WARN_UNREACHABLE_CODE = YES;
				CLANG_WARN__DUPLICATE_METHOD_MATCH = YES;
				CODE_SIGN_IDENTITY = "iPhone Developer";
				COPY_PHASE_STRIP = NO;
				DEBUG_INFORMATION_FORMAT = dwarf;
				ENABLE_STRICT_OBJC_MSGSEND = YES;
				ENABLE_TESTABILITY = YES;
				GCC_C_LANGUAGE_STANDARD = gnu11;
				GCC_DYNAMIC_NO_PIC = NO;
				GCC_NO_COMMON_BLOCKS = YES;
				GCC_OPTIMIZATION_LEVEL = 0;
				GCC_PREPROCESSOR_DEFINITIONS = (
					"DEBUG=1",
					"$(inherited)",
				);
				GCC_WARN_64_TO_32_BIT_CONVERSION = YES;
				GCC_WARN_ABOUT_RETURN_TYPE = YES_ERROR;
				GCC_WARN_UNDECLARED_SELECTOR = YES;
				GCC_WARN_UNINITIALIZED_AUTOS = YES_AGGRESSIVE;
				GCC_WARN_UNUSED_FUNCTION = YES;
				GCC_WARN_UNUSED_VARIABLE = YES;
				IPHONEOS_DEPLOYMENT_TARGET = 11.1;
				MTL_ENABLE_DEBUG_INFO = YES;
				ONLY_ACTIVE_ARCH = YES;
				SDKROOT = iphoneos;
				SWIFT_ACTIVE_COMPILATION_CONDITIONS = DEBUG;
				SWIFT_OPTIMIZATION_LEVEL = "-Onone";
			};
			name = Debug;
		};
		4B1EBB3220373CE200B69146 /* Release */ = {
			isa = XCBuildConfiguration;
			buildSettings = {
				ALWAYS_SEARCH_USER_PATHS = NO;
				CLANG_ANALYZER_NONNULL = YES;
				CLANG_ANALYZER_NUMBER_OBJECT_CONVERSION = YES_AGGRESSIVE;
				CLANG_CXX_LANGUAGE_STANDARD = "gnu++14";
				CLANG_CXX_LIBRARY = "libc++";
				CLANG_ENABLE_MODULES = YES;
				CLANG_ENABLE_OBJC_ARC = YES;
				CLANG_WARN_BLOCK_CAPTURE_AUTORELEASING = YES;
				CLANG_WARN_BOOL_CONVERSION = YES;
				CLANG_WARN_COMMA = YES;
				CLANG_WARN_CONSTANT_CONVERSION = YES;
				CLANG_WARN_DIRECT_OBJC_ISA_USAGE = YES_ERROR;
				CLANG_WARN_DOCUMENTATION_COMMENTS = YES;
				CLANG_WARN_EMPTY_BODY = YES;
				CLANG_WARN_ENUM_CONVERSION = YES;
				CLANG_WARN_INFINITE_RECURSION = YES;
				CLANG_WARN_INT_CONVERSION = YES;
				CLANG_WARN_NON_LITERAL_NULL_CONVERSION = YES;
				CLANG_WARN_OBJC_LITERAL_CONVERSION = YES;
				CLANG_WARN_OBJC_ROOT_CLASS = YES_ERROR;
				CLANG_WARN_RANGE_LOOP_ANALYSIS = YES;
				CLANG_WARN_STRICT_PROTOTYPES = YES;
				CLANG_WARN_SUSPICIOUS_MOVE = YES;
				CLANG_WARN_UNGUARDED_AVAILABILITY = YES_AGGRESSIVE;
				CLANG_WARN_UNREACHABLE_CODE = YES;
				CLANG_WARN__DUPLICATE_METHOD_MATCH = YES;
				CODE_SIGN_IDENTITY = "iPhone Developer";
				COPY_PHASE_STRIP = NO;
				DEBUG_INFORMATION_FORMAT = "dwarf-with-dsym";
				ENABLE_NS_ASSERTIONS = NO;
				ENABLE_STRICT_OBJC_MSGSEND = YES;
				GCC_C_LANGUAGE_STANDARD = gnu11;
				GCC_NO_COMMON_BLOCKS = YES;
				GCC_WARN_64_TO_32_BIT_CONVERSION = YES;
				GCC_WARN_ABOUT_RETURN_TYPE = YES_ERROR;
				GCC_WARN_UNDECLARED_SELECTOR = YES;
				GCC_WARN_UNINITIALIZED_AUTOS = YES_AGGRESSIVE;
				GCC_WARN_UNUSED_FUNCTION = YES;
				GCC_WARN_UNUSED_VARIABLE = YES;
				IPHONEOS_DEPLOYMENT_TARGET = 11.1;
				MTL_ENABLE_DEBUG_INFO = NO;
				SDKROOT = iphoneos;
				SWIFT_OPTIMIZATION_LEVEL = "-Owholemodule";
				VALIDATE_PRODUCT = YES;
			};
			name = Release;
		};
		4B1EBB3420373CE200B69146 /* Debug */ = {
			isa = XCBuildConfiguration;
			buildSettings = {
				ASSETCATALOG_COMPILER_APPICON_NAME = AppIcon;
				CODE_SIGN_STYLE = Automatic;
				INFOPLIST_FILE = CoreDataWithSwift/Info.plist;
				LD_RUNPATH_SEARCH_PATHS = "$(inherited) @executable_path/Frameworks";
				PRODUCT_BUNDLE_IDENTIFIER = anjumzain.CoreDataWithSwift;
				PRODUCT_NAME = "$(TARGET_NAME)";
				SWIFT_VERSION = 4.0;
				TARGETED_DEVICE_FAMILY = "1,2";
			};
			name = Debug;
		};
		4B1EBB3520373CE200B69146 /* Release */ = {
			isa = XCBuildConfiguration;
			buildSettings = {
				ASSETCATALOG_COMPILER_APPICON_NAME = AppIcon;
				CODE_SIGN_STYLE = Automatic;
				INFOPLIST_FILE = CoreDataWithSwift/Info.plist;
				LD_RUNPATH_SEARCH_PATHS = "$(inherited) @executable_path/Frameworks";
				PRODUCT_BUNDLE_IDENTIFIER = anjumzain.CoreDataWithSwift;
				PRODUCT_NAME = "$(TARGET_NAME)";
				SWIFT_VERSION = 4.0;
				TARGETED_DEVICE_FAMILY = "1,2";
			};
			name = Release;
		};
		4B1EBB3720373CE200B69146 /* Debug */ = {
			isa = XCBuildConfiguration;
			buildSettings = {
				ALWAYS_EMBED_SWIFT_STANDARD_LIBRARIES = YES;
				BUNDLE_LOADER = "$(TEST_HOST)";
				CODE_SIGN_STYLE = Automatic;
				INFOPLIST_FILE = CoreDataWithSwiftTests/Info.plist;
				LD_RUNPATH_SEARCH_PATHS = "$(inherited) @executable_path/Frameworks @loader_path/Frameworks";
				PRODUCT_BUNDLE_IDENTIFIER = anjumzain.CoreDataWithSwiftTests;
				PRODUCT_NAME = "$(TARGET_NAME)";
				SWIFT_VERSION = 4.0;
				TARGETED_DEVICE_FAMILY = "1,2";
				TEST_HOST = "$(BUILT_PRODUCTS_DIR)/CoreDataWithSwift.app/CoreDataWithSwift";
			};
			name = Debug;
		};
		4B1EBB3820373CE200B69146 /* Release */ = {
			isa = XCBuildConfiguration;
			buildSettings = {
				ALWAYS_EMBED_SWIFT_STANDARD_LIBRARIES = YES;
				BUNDLE_LOADER = "$(TEST_HOST)";
				CODE_SIGN_STYLE = Automatic;
				INFOPLIST_FILE = CoreDataWithSwiftTests/Info.plist;
				LD_RUNPATH_SEARCH_PATHS = "$(inherited) @executable_path/Frameworks @loader_path/Frameworks";
				PRODUCT_BUNDLE_IDENTIFIER = anjumzain.CoreDataWithSwiftTests;
				PRODUCT_NAME = "$(TARGET_NAME)";
				SWIFT_VERSION = 4.0;
				TARGETED_DEVICE_FAMILY = "1,2";
				TEST_HOST = "$(BUILT_PRODUCTS_DIR)/CoreDataWithSwift.app/CoreDataWithSwift";
			};
			name = Release;
		};
		4B1EBB3A20373CE200B69146 /* Debug */ = {
			isa = XCBuildConfiguration;
			buildSettings = {
				ALWAYS_EMBED_SWIFT_STANDARD_LIBRARIES = YES;
				CODE_SIGN_STYLE = Automatic;
				INFOPLIST_FILE = CoreDataWithSwiftUITests/Info.plist;
				LD_RUNPATH_SEARCH_PATHS = "$(inherited) @executable_path/Frameworks @loader_path/Frameworks";
				PRODUCT_BUNDLE_IDENTIFIER = anjumzain.CoreDataWithSwiftUITests;
				PRODUCT_NAME = "$(TARGET_NAME)";
				SWIFT_VERSION = 4.0;
				TARGETED_DEVICE_FAMILY = "1,2";
				TEST_TARGET_NAME = CoreDataWithSwift;
			};
			name = Debug;
		};
		4B1EBB3B20373CE200B69146 /* Release */ = {
			isa = XCBuildConfiguration;
			buildSettings = {
				ALWAYS_EMBED_SWIFT_STANDARD_LIBRARIES = YES;
				CODE_SIGN_STYLE = Automatic;
				INFOPLIST_FILE = CoreDataWithSwiftUITests/Info.plist;
				LD_RUNPATH_SEARCH_PATHS = "$(inherited) @executable_path/Frameworks @loader_path/Frameworks";
				PRODUCT_BUNDLE_IDENTIFIER = anjumzain.CoreDataWithSwiftUITests;
				PRODUCT_NAME = "$(TARGET_NAME)";
				SWIFT_VERSION = 4.0;
				TARGETED_DEVICE_FAMILY = "1,2";
				TEST_TARGET_NAME = CoreDataWithSwift;
			};
			name = Release;
		};
/* End XCBuildConfiguration section */

/* Begin XCConfigurationList section */
		4B1EBB0320373CE200B69146 /* Build configuration list for PBXProject "CoreDataWithSwift" */ = {
			isa = XCConfigurationList;
			buildConfigurations = (
				4B1EBB3120373CE200B69146 /* Debug */,
				4B1EBB3220373CE200B69146 /* Release */,
			);
			defaultConfigurationIsVisible = 0;
			defaultConfigurationName = Release;
		};
		4B1EBB3320373CE200B69146 /* Build configuration list for PBXNativeTarget "CoreDataWithSwift" */ = {
			isa = XCConfigurationList;
			buildConfigurations = (
				4B1EBB3420373CE200B69146 /* Debug */,
				4B1EBB3520373CE200B69146 /* Release */,
			);
			defaultConfigurationIsVisible = 0;
			defaultConfigurationName = Release;
		};
		4B1EBB3620373CE200B69146 /* Build configuration list for PBXNativeTarget "CoreDataWithSwiftTests" */ = {
			isa = XCConfigurationList;
			buildConfigurations = (
				4B1EBB3720373CE200B69146 /* Debug */,
				4B1EBB3820373CE200B69146 /* Release */,
			);
			defaultConfigurationIsVisible = 0;
			defaultConfigurationName = Release;
		};
		4B1EBB3920373CE200B69146 /* Build configuration list for PBXNativeTarget "CoreDataWithSwiftUITests" */ = {
			isa = XCConfigurationList;
			buildConfigurations = (
				4B1EBB3A20373CE200B69146 /* Debug */,
				4B1EBB3B20373CE200B69146 /* Release */,
			);
			defaultConfigurationIsVisible = 0;
			defaultConfigurationName = Release;
		};
/* End XCConfigurationList section */

/* Begin XCVersionGroup section */
		4B1EBB1220373CE200B69146 /* CoreDataWithSwift.xcdatamodeld */ = {
			isa = XCVersionGroup;
			children = (
				4B1EBB1320373CE200B69146 /* CoreDataWithSwift.xcdatamodel */,
			);
			currentVersion = 4B1EBB1320373CE200B69146 /* CoreDataWithSwift.xcdatamodel */;
			path = CoreDataWithSwift.xcdatamodeld;
			sourceTree = "<group>";
			versionGroupType = wrapper.xcdatamodel;
		};
/* End XCVersionGroup section */
	};
	rootObject = 4B1EBB0020373CE200B69146 /* Project object */;
}
